// !$*UTF8*$!
{
	archiveVersion = 1;
	classes = {
	};
	objectVersion = 50;
	objects = {

/* Begin PBXBuildFile section */
		BA0342AF25C1E04B00E31117 /* AppDelegate.m in Sources */ = {isa = PBXBuildFile; fileRef = BA0342AE25C1E04B00E31117 /* AppDelegate.m */; };
		BA0342B225C1E04B00E31117 /* SceneDelegate.m in Sources */ = {isa = PBXBuildFile; fileRef = BA0342B125C1E04B00E31117 /* SceneDelegate.m */; };
		BA0342B825C1E04B00E31117 /* Main.storyboard in Resources */ = {isa = PBXBuildFile; fileRef = BA0342B625C1E04B00E31117 /* Main.storyboard */; };
		BA0342BA25C1E04C00E31117 /* Assets.xcassets in Resources */ = {isa = PBXBuildFile; fileRef = BA0342B925C1E04C00E31117 /* Assets.xcassets */; };
		BA0342BD25C1E04C00E31117 /* LaunchScreen.storyboard in Resources */ = {isa = PBXBuildFile; fileRef = BA0342BB25C1E04C00E31117 /* LaunchScreen.storyboard */; };
		BA0342C025C1E04C00E31117 /* main.m in Sources */ = {isa = PBXBuildFile; fileRef = BA0342BF25C1E04C00E31117 /* main.m */; };
		BA0342CA25C1E17700E31117 /* CollectionView.storyboard in Resources */ = {isa = PBXBuildFile; fileRef = BA0342C925C1E17700E31117 /* CollectionView.storyboard */; };
		BA0342CD25C1E18500E31117 /* TableView.storyboard in Resources */ = {isa = PBXBuildFile; fileRef = BA0342CC25C1E18500E31117 /* TableView.storyboard */; };
		BA0342D125C1E1CF00E31117 /* TableViewController.m in Sources */ = {isa = PBXBuildFile; fileRef = BA0342D025C1E1CF00E31117 /* TableViewController.m */; };
		BA0342D625C1E22400E31117 /* FillerModel.m in Sources */ = {isa = PBXBuildFile; fileRef = BA0342D525C1E22400E31117 /* FillerModel.m */; };
		BA0342DB25C1E5DA00E31117 /* lipsum_titles.txt in Resources */ = {isa = PBXBuildFile; fileRef = BA0342D925C1E5DA00E31117 /* lipsum_titles.txt */; };
		BA0342DC25C1E5DA00E31117 /* lipsum_descriptions.txt in Resources */ = {isa = PBXBuildFile; fileRef = BA0342DA25C1E5DA00E31117 /* lipsum_descriptions.txt */; };
		BA0342E925C1ED7000E31117 /* CollectionViewController.m in Sources */ = {isa = PBXBuildFile; fileRef = BA0342E825C1ED7000E31117 /* CollectionViewController.m */; };
		BA0342ED25C1EDD400E31117 /* PhotoModel.m in Sources */ = {isa = PBXBuildFile; fileRef = BA0342EC25C1EDD400E31117 /* PhotoModel.m */; };
		BA0342F125C1F18A00E31117 /* CollectionViewCell.m in Sources */ = {isa = PBXBuildFile; fileRef = BA0342F025C1F18A00E31117 /* CollectionViewCell.m */; };
/* End PBXBuildFile section */

/* Begin PBXFileReference section */
		BA0342AA25C1E04B00E31117 /* MultiselectGestureSampleObjC.app */ = {isa = PBXFileReference; explicitFileType = wrapper.application; includeInIndex = 0; path = MultiselectGestureSampleObjC.app; sourceTree = BUILT_PRODUCTS_DIR; };
		BA0342AD25C1E04B00E31117 /* AppDelegate.h */ = {isa = PBXFileReference; lastKnownFileType = sourcecode.c.h; path = AppDelegate.h; sourceTree = "<group>"; };
		BA0342AE25C1E04B00E31117 /* AppDelegate.m */ = {isa = PBXFileReference; lastKnownFileType = sourcecode.c.objc; path = AppDelegate.m; sourceTree = "<group>"; };
		BA0342B025C1E04B00E31117 /* SceneDelegate.h */ = {isa = PBXFileReference; lastKnownFileType = sourcecode.c.h; path = SceneDelegate.h; sourceTree = "<group>"; };
		BA0342B125C1E04B00E31117 /* SceneDelegate.m */ = {isa = PBXFileReference; lastKnownFileType = sourcecode.c.objc; path = SceneDelegate.m; sourceTree = "<group>"; };
		BA0342B725C1E04B00E31117 /* Base */ = {isa = PBXFileReference; lastKnownFileType = file.storyboard; name = Base; path = Base.lproj/Main.storyboard; sourceTree = "<group>"; };
		BA0342B925C1E04C00E31117 /* Assets.xcassets */ = {isa = PBXFileReference; lastKnownFileType = folder.assetcatalog; path = Assets.xcassets; sourceTree = "<group>"; };
		BA0342BC25C1E04C00E31117 /* Base */ = {isa = PBXFileReference; lastKnownFileType = file.storyboard; name = Base; path = Base.lproj/LaunchScreen.storyboard; sourceTree = "<group>"; };
		BA0342BE25C1E04C00E31117 /* Info.plist */ = {isa = PBXFileReference; lastKnownFileType = text.plist.xml; path = Info.plist; sourceTree = "<group>"; };
		BA0342BF25C1E04C00E31117 /* main.m */ = {isa = PBXFileReference; lastKnownFileType = sourcecode.c.objc; path = main.m; sourceTree = "<group>"; };
		BA0342C925C1E17700E31117 /* CollectionView.storyboard */ = {isa = PBXFileReference; fileEncoding = 4; lastKnownFileType = file.storyboard; path = CollectionView.storyboard; sourceTree = "<group>"; };
		BA0342CC25C1E18500E31117 /* TableView.storyboard */ = {isa = PBXFileReference; fileEncoding = 4; lastKnownFileType = file.storyboard; path = TableView.storyboard; sourceTree = "<group>"; };
		BA0342CF25C1E1CF00E31117 /* TableViewController.h */ = {isa = PBXFileReference; lastKnownFileType = sourcecode.c.h; path = TableViewController.h; sourceTree = "<group>"; };
		BA0342D025C1E1CF00E31117 /* TableViewController.m */ = {isa = PBXFileReference; lastKnownFileType = sourcecode.c.objc; path = TableViewController.m; sourceTree = "<group>"; };
		BA0342D425C1E22400E31117 /* FillerModel.h */ = {isa = PBXFileReference; lastKnownFileType = sourcecode.c.h; path = FillerModel.h; sourceTree = "<group>"; };
		BA0342D525C1E22400E31117 /* FillerModel.m */ = {isa = PBXFileReference; lastKnownFileType = sourcecode.c.objc; path = FillerModel.m; sourceTree = "<group>"; };
		BA0342D925C1E5DA00E31117 /* lipsum_titles.txt */ = {isa = PBXFileReference; fileEncoding = 4; lastKnownFileType = text; path = lipsum_titles.txt; sourceTree = "<group>"; };
		BA0342DA25C1E5DA00E31117 /* lipsum_descriptions.txt */ = {isa = PBXFileReference; fileEncoding = 4; lastKnownFileType = text; path = lipsum_descriptions.txt; sourceTree = "<group>"; };
		BA0342E725C1ED7000E31117 /* CollectionViewController.h */ = {isa = PBXFileReference; lastKnownFileType = sourcecode.c.h; path = CollectionViewController.h; sourceTree = "<group>"; };
		BA0342E825C1ED7000E31117 /* CollectionViewController.m */ = {isa = PBXFileReference; lastKnownFileType = sourcecode.c.objc; path = CollectionViewController.m; sourceTree = "<group>"; };
		BA0342EB25C1EDD400E31117 /* PhotoModel.h */ = {isa = PBXFileReference; lastKnownFileType = sourcecode.c.h; path = PhotoModel.h; sourceTree = "<group>"; };
		BA0342EC25C1EDD400E31117 /* PhotoModel.m */ = {isa = PBXFileReference; lastKnownFileType = sourcecode.c.objc; path = PhotoModel.m; sourceTree = "<group>"; };
		BA0342EF25C1F18A00E31117 /* CollectionViewCell.h */ = {isa = PBXFileReference; lastKnownFileType = sourcecode.c.h; path = CollectionViewCell.h; sourceTree = "<group>"; };
		BA0342F025C1F18A00E31117 /* CollectionViewCell.m */ = {isa = PBXFileReference; lastKnownFileType = sourcecode.c.objc; path = CollectionViewCell.m; sourceTree = "<group>"; };
/* End PBXFileReference section */

/* Begin PBXFrameworksBuildPhase section */
		BA0342A725C1E04B00E31117 /* Frameworks */ = {
			isa = PBXFrameworksBuildPhase;
			buildActionMask = 2147483647;
			files = (
			);
			runOnlyForDeploymentPostprocessing = 0;
		};
/* End PBXFrameworksBuildPhase section */

/* Begin PBXGroup section */
		BA0342A125C1E04B00E31117 = {
			isa = PBXGroup;
			children = (
				BA0342AC25C1E04B00E31117 /* MultiselectGestureSampleObjC */,
				BA0342AB25C1E04B00E31117 /* Products */,
			);
			sourceTree = "<group>";
		};
		BA0342AB25C1E04B00E31117 /* Products */ = {
			isa = PBXGroup;
			children = (
				BA0342AA25C1E04B00E31117 /* MultiselectGestureSampleObjC.app */,
			);
			name = Products;
			sourceTree = "<group>";
		};
		BA0342AC25C1E04B00E31117 /* MultiselectGestureSampleObjC */ = {
			isa = PBXGroup;
			children = (
				BA0342AD25C1E04B00E31117 /* AppDelegate.h */,
				BA0342AE25C1E04B00E31117 /* AppDelegate.m */,
				BA0342B025C1E04B00E31117 /* SceneDelegate.h */,
				BA0342B125C1E04B00E31117 /* SceneDelegate.m */,
				BA0342CF25C1E1CF00E31117 /* TableViewController.h */,
				BA0342D025C1E1CF00E31117 /* TableViewController.m */,
				BA0342E725C1ED7000E31117 /* CollectionViewController.h */,
				BA0342E825C1ED7000E31117 /* CollectionViewController.m */,
				BA0342EF25C1F18A00E31117 /* CollectionViewCell.h */,
				BA0342F025C1F18A00E31117 /* CollectionViewCell.m */,
				BA0342D425C1E22400E31117 /* FillerModel.h */,
				BA0342D525C1E22400E31117 /* FillerModel.m */,
				BA0342EB25C1EDD400E31117 /* PhotoModel.h */,
				BA0342EC25C1EDD400E31117 /* PhotoModel.m */,
				BA0342D325C1E20900E31117 /* Storyboards */,
				BA0342C725C1E05500E31117 /* Supporting Files */,
			);
			path = MultiselectGestureSampleObjC;
			sourceTree = "<group>";
		};
		BA0342C725C1E05500E31117 /* Supporting Files */ = {
			isa = PBXGroup;
			children = (
				BA0342BB25C1E04C00E31117 /* LaunchScreen.storyboard */,
				BA0342BE25C1E04C00E31117 /* Info.plist */,
				BA0342B925C1E04C00E31117 /* Assets.xcassets */,
				BA0342BF25C1E04C00E31117 /* main.m */,
				BA0342DA25C1E5DA00E31117 /* lipsum_descriptions.txt */,
				BA0342D925C1E5DA00E31117 /* lipsum_titles.txt */,
			);
			name = "Supporting Files";
			sourceTree = "<group>";
		};
		BA0342D325C1E20900E31117 /* Storyboards */ = {
			isa = PBXGroup;
			children = (
				BA0342B625C1E04B00E31117 /* Main.storyboard */,
				BA0342C925C1E17700E31117 /* CollectionView.storyboard */,
				BA0342CC25C1E18500E31117 /* TableView.storyboard */,
			);
			name = Storyboards;
			sourceTree = "<group>";
		};
/* End PBXGroup section */

/* Begin PBXNativeTarget section */
		BA0342A925C1E04B00E31117 /* MultiselectGestureSampleObjC */ = {
			isa = PBXNativeTarget;
			buildConfigurationList = BA0342C325C1E04C00E31117 /* Build configuration list for PBXNativeTarget "MultiselectGestureSampleObjC" */;
			buildPhases = (
				BA0342A625C1E04B00E31117 /* Sources */,
				BA0342A725C1E04B00E31117 /* Frameworks */,
				BA0342A825C1E04B00E31117 /* Resources */,
			);
			buildRules = (
			);
			dependencies = (
			);
			name = MultiselectGestureSampleObjC;
			productName = MultiselectGestureSampleObjC;
			productReference = BA0342AA25C1E04B00E31117 /* MultiselectGestureSampleObjC.app */;
			productType = "com.apple.product-type.application";
		};
/* End PBXNativeTarget section */

/* Begin PBXProject section */
		BA0342A225C1E04B00E31117 /* Project object */ = {
			isa = PBXProject;
			attributes = {
				LastUpgradeCheck = 1230;
				TargetAttributes = {
					BA0342A925C1E04B00E31117 = {
						CreatedOnToolsVersion = 12.3;
					};
				};
			};
			buildConfigurationList = BA0342A525C1E04B00E31117 /* Build configuration list for PBXProject "MultiselectGestureSampleObjC" */;
			compatibilityVersion = "Xcode 9.3";
			developmentRegion = en;
			hasScannedForEncodings = 0;
			knownRegions = (
				en,
				Base,
			);
			mainGroup = BA0342A125C1E04B00E31117;
			productRefGroup = BA0342AB25C1E04B00E31117 /* Products */;
			projectDirPath = "";
			projectRoot = "";
			targets = (
				BA0342A925C1E04B00E31117 /* MultiselectGestureSampleObjC */,
			);
		};
/* End PBXProject section */

/* Begin PBXResourcesBuildPhase section */
		BA0342A825C1E04B00E31117 /* Resources */ = {
			isa = PBXResourcesBuildPhase;
			buildActionMask = 2147483647;
			files = (
				BA0342BD25C1E04C00E31117 /* LaunchScreen.storyboard in Resources */,
				BA0342DC25C1E5DA00E31117 /* lipsum_descriptions.txt in Resources */,
				BA0342BA25C1E04C00E31117 /* Assets.xcassets in Resources */,
				BA0342CD25C1E18500E31117 /* TableView.storyboard in Resources */,
				BA0342B825C1E04B00E31117 /* Main.storyboard in Resources */,
				BA0342CA25C1E17700E31117 /* CollectionView.storyboard in Resources */,
				BA0342DB25C1E5DA00E31117 /* lipsum_titles.txt in Resources */,
			);
			runOnlyForDeploymentPostprocessing = 0;
		};
/* End PBXResourcesBuildPhase section */

/* Begin PBXSourcesBuildPhase section */
		BA0342A625C1E04B00E31117 /* Sources */ = {
			isa = PBXSourcesBuildPhase;
			buildActionMask = 2147483647;
			files = (
				BA0342AF25C1E04B00E31117 /* AppDelegate.m in Sources */,
				BA0342ED25C1EDD400E31117 /* PhotoModel.m in Sources */,
				BA0342C025C1E04C00E31117 /* main.m in Sources */,
				BA0342E925C1ED7000E31117 /* CollectionViewController.m in Sources */,
				BA0342B225C1E04B00E31117 /* SceneDelegate.m in Sources */,
				BA0342D125C1E1CF00E31117 /* TableViewController.m in Sources */,
				BA0342F125C1F18A00E31117 /* CollectionViewCell.m in Sources */,
				BA0342D625C1E22400E31117 /* FillerModel.m in Sources */,
			);
			runOnlyForDeploymentPostprocessing = 0;
		};
/* End PBXSourcesBuildPhase section */

/* Begin PBXVariantGroup section */
		BA0342B625C1E04B00E31117 /* Main.storyboard */ = {
			isa = PBXVariantGroup;
			children = (
				BA0342B725C1E04B00E31117 /* Base */,
			);
			name = Main.storyboard;
			sourceTree = "<group>";
		};
		BA0342BB25C1E04C00E31117 /* LaunchScreen.storyboard */ = {
			isa = PBXVariantGroup;
			children = (
				BA0342BC25C1E04C00E31117 /* Base */,
			);
			name = LaunchScreen.storyboard;
			sourceTree = "<group>";
		};
/* End PBXVariantGroup section */

/* Begin XCBuildConfiguration section */
		BA0342C125C1E04C00E31117 /* Debug */ = {
			isa = XCBuildConfiguration;
			buildSettings = {
				ALWAYS_SEARCH_USER_PATHS = NO;
				CLANG_ANALYZER_NONNULL = YES;
				CLANG_ANALYZER_NUMBER_OBJECT_CONVERSION = YES_AGGRESSIVE;
				CLANG_CXX_LANGUAGE_STANDARD = "gnu++14";
				CLANG_CXX_LIBRARY = "libc++";
				CLANG_ENABLE_MODULES = YES;
				CLANG_ENABLE_OBJC_ARC = YES;
				CLANG_ENABLE_OBJC_WEAK = YES;
				CLANG_WARN_BLOCK_CAPTURE_AUTORELEASING = YES;
				CLANG_WARN_BOOL_CONVERSION = YES;
				CLANG_WARN_COMMA = YES;
				CLANG_WARN_CONSTANT_CONVERSION = YES;
				CLANG_WARN_DEPRECATED_OBJC_IMPLEMENTATIONS = YES;
				CLANG_WARN_DIRECT_OBJC_ISA_USAGE = YES_ERROR;
				CLANG_WARN_DOCUMENTATION_COMMENTS = YES;
				CLANG_WARN_EMPTY_BODY = YES;
				CLANG_WARN_ENUM_CONVERSION = YES;
				CLANG_WARN_INFINITE_RECURSION = YES;
				CLANG_WARN_INT_CONVERSION = YES;
				CLANG_WARN_NON_LITERAL_NULL_CONVERSION = YES;
				CLANG_WARN_OBJC_IMPLICIT_RETAIN_SELF = YES;
				CLANG_WARN_OBJC_LITERAL_CONVERSION = YES;
				CLANG_WARN_OBJC_ROOT_CLASS = YES_ERROR;
				CLANG_WARN_QUOTED_INCLUDE_IN_FRAMEWORK_HEADER = YES;
				CLANG_WARN_RANGE_LOOP_ANALYSIS = YES;
				CLANG_WARN_STRICT_PROTOTYPES = YES;
				CLANG_WARN_SUSPICIOUS_MOVE = YES;
				CLANG_WARN_UNGUARDED_AVAILABILITY = YES_AGGRESSIVE;
				CLANG_WARN_UNREACHABLE_CODE = YES;
				CLANG_WARN__DUPLICATE_METHOD_MATCH = YES;
				COPY_PHASE_STRIP = NO;
				DEBUG_INFORMATION_FORMAT = dwarf;
				ENABLE_STRICT_OBJC_MSGSEND = YES;
				ENABLE_TESTABILITY = YES;
				GCC_C_LANGUAGE_STANDARD = gnu11;
				GCC_DYNAMIC_NO_PIC = NO;
				GCC_NO_COMMON_BLOCKS = YES;
				GCC_OPTIMIZATION_LEVEL = 0;
				GCC_PREPROCESSOR_DEFINITIONS = (
					"DEBUG=1",
					"$(inherited)",
				);
				GCC_WARN_64_TO_32_BIT_CONVERSION = YES;
				GCC_WARN_ABOUT_RETURN_TYPE = YES_ERROR;
				GCC_WARN_UNDECLARED_SELECTOR = YES;
				GCC_WARN_UNINITIALIZED_AUTOS = YES_AGGRESSIVE;
				GCC_WARN_UNUSED_FUNCTION = YES;
				GCC_WARN_UNUSED_VARIABLE = YES;
				IPHONEOS_DEPLOYMENT_TARGET = 14.3;
				MTL_ENABLE_DEBUG_INFO = INCLUDE_SOURCE;
				MTL_FAST_MATH = YES;
				ONLY_ACTIVE_ARCH = YES;
				SDKROOT = iphoneos;
			};
			name = Debug;
		};
		BA0342C225C1E04C00E31117 /* Release */ = {
			isa = XCBuildConfiguration;
			buildSettings = {
				ALWAYS_SEARCH_USER_PATHS = NO;
				CLANG_ANALYZER_NONNULL = YES;
				CLANG_ANALYZER_NUMBER_OBJECT_CONVERSION = YES_AGGRESSIVE;
				CLANG_CXX_LANGUAGE_STANDARD = "gnu++14";
				CLANG_CXX_LIBRARY = "libc++";
				CLANG_ENABLE_MODULES = YES;
				CLANG_ENABLE_OBJC_ARC = YES;
				CLANG_ENABLE_OBJC_WEAK = YES;
				CLANG_WARN_BLOCK_CAPTURE_AUTORELEASING = YES;
				CLANG_WARN_BOOL_CONVERSION = YES;
				CLANG_WARN_COMMA = YES;
				CLANG_WARN_CONSTANT_CONVERSION = YES;
				CLANG_WARN_DEPRECATED_OBJC_IMPLEMENTATIONS = YES;
				CLANG_WARN_DIRECT_OBJC_ISA_USAGE = YES_ERROR;
				CLANG_WARN_DOCUMENTATION_COMMENTS = YES;
				CLANG_WARN_EMPTY_BODY = YES;
				CLANG_WARN_ENUM_CONVERSION = YES;
				CLANG_WARN_INFINITE_RECURSION = YES;
				CLANG_WARN_INT_CONVERSION = YES;
				CLANG_WARN_NON_LITERAL_NULL_CONVERSION = YES;
				CLANG_WARN_OBJC_IMPLICIT_RETAIN_SELF = YES;
				CLANG_WARN_OBJC_LITERAL_CONVERSION = YES;
				CLANG_WARN_OBJC_ROOT_CLASS = YES_ERROR;
				CLANG_WARN_QUOTED_INCLUDE_IN_FRAMEWORK_HEADER = YES;
				CLANG_WARN_RANGE_LOOP_ANALYSIS = YES;
				CLANG_WARN_STRICT_PROTOTYPES = YES;
				CLANG_WARN_SUSPICIOUS_MOVE = YES;
				CLANG_WARN_UNGUARDED_AVAILABILITY = YES_AGGRESSIVE;
				CLANG_WARN_UNREACHABLE_CODE = YES;
				CLANG_WARN__DUPLICATE_METHOD_MATCH = YES;
				COPY_PHASE_STRIP = NO;
				DEBUG_INFORMATION_FORMAT = "dwarf-with-dsym";
				ENABLE_NS_ASSERTIONS = NO;
				ENABLE_STRICT_OBJC_MSGSEND = YES;
				GCC_C_LANGUAGE_STANDARD = gnu11;
				GCC_NO_COMMON_BLOCKS = YES;
				GCC_WARN_64_TO_32_BIT_CONVERSION = YES;
				GCC_WARN_ABOUT_RETURN_TYPE = YES_ERROR;
				GCC_WARN_UNDECLARED_SELECTOR = YES;
				GCC_WARN_UNINITIALIZED_AUTOS = YES_AGGRESSIVE;
				GCC_WARN_UNUSED_FUNCTION = YES;
				GCC_WARN_UNUSED_VARIABLE = YES;
				IPHONEOS_DEPLOYMENT_TARGET = 14.3;
				MTL_ENABLE_DEBUG_INFO = NO;
				MTL_FAST_MATH = YES;
				SDKROOT = iphoneos;
				VALIDATE_PRODUCT = YES;
			};
			name = Release;
		};
		BA0342C425C1E04C00E31117 /* Debug */ = {
			isa = XCBuildConfiguration;
			buildSettings = {
				ASSETCATALOG_COMPILER_APPICON_NAME = AppIcon;
				ASSETCATALOG_COMPILER_GLOBAL_ACCENT_COLOR_NAME = AccentColor;
				CODE_SIGN_STYLE = Automatic;
				DEVELOPMENT_TEAM = 3E442S8V72;
				INFOPLIST_FILE = MultiselectGestureSampleObjC/Info.plist;
				LD_RUNPATH_SEARCH_PATHS = (
					"$(inherited)",
					"@executable_path/Frameworks",
				);
				PRODUCT_BUNDLE_IDENTIFIER = wfa.app.MultiselectGestureSampleObjC;
				PRODUCT_NAME = "$(TARGET_NAME)";
				TARGETED_DEVICE_FAMILY = "1,2";
			};
			name = Debug;
		};
		BA0342C525C1E04C00E31117 /* Release */ = {
			isa = XCBuildConfiguration;
			buildSettings = {
				ASSETCATALOG_COMPILER_APPICON_NAME = AppIcon;
				ASSETCATALOG_COMPILER_GLOBAL_ACCENT_COLOR_NAME = AccentColor;
				CODE_SIGN_STYLE = Automatic;
				DEVELOPMENT_TEAM = 3E442S8V72;
				INFOPLIST_FILE = MultiselectGestureSampleObjC/Info.plist;
				LD_RUNPATH_SEARCH_PATHS = (
					"$(inherited)",
					"@executable_path/Frameworks",
				);
				PRODUCT_BUNDLE_IDENTIFIER = wfa.app.MultiselectGestureSampleObjC;
				PRODUCT_NAME = "$(TARGET_NAME)";
				TARGETED_DEVICE_FAMILY = "1,2";
			};
			name = Release;
		};
/* End XCBuildConfiguration section */

/* Begin XCConfigurationList section */
		BA0342A525C1E04B00E31117 /* Build configuration list for PBXProject "MultiselectGestureSampleObjC" */ = {
			isa = XCConfigurationList;
			buildConfigurations = (
				BA0342C125C1E04C00E31117 /* Debug */,
				BA0342C225C1E04C00E31117 /* Release */,
			);
			defaultConfigurationIsVisible = 0;
			defaultConfigurationName = Release;
		};
		BA0342C325C1E04C00E31117 /* Build configuration list for PBXNativeTarget "MultiselectGestureSampleObjC" */ = {
			isa = XCConfigurationList;
			buildConfigurations = (
				BA0342C425C1E04C00E31117 /* Debug */,
				BA0342C525C1E04C00E31117 /* Release */,
			);
			defaultConfigurationIsVisible = 0;
			defaultConfigurationName = Release;
		};
/* End XCConfigurationList section */
	};
	rootObject = BA0342A225C1E04B00E31117 /* Project object */;
}
